# This file is generated by running "yarn install" inside your project.
# Manual changes might be lost - proceed with caution!

__metadata:
  version: 8
  cacheKey: 10

"pob-dependencies@npm:17.7.0":
  version: 17.7.0
  resolution: "pob-dependencies@npm:17.7.0"
  checksum: 10/3c113e235541c46cbe8f0037615da50ab2156205188c8292011c09fe1ef30b43610533f02bac0e1985386a6b74e30bee1694783cff15906c894c24906cebe777
  languageName: node
  linkType: hard

"prettier@npm:3.5.1":
  version: 3.5.1
  resolution: "prettier@npm:3.5.1"
  bin:
    prettier: bin/prettier.cjs
  checksum: 10/09ab168e651e50c2c79804d65f17a68129ce1c573830b2fb08c988b585add8076b8d995789034d66a14338d6b8835e8c591e0fc1bc90f4344af9645738636d01
  languageName: node
  linkType: hard

"root-workspace-0b6124@workspace:.":
  version: 0.0.0-use.local
  resolution: "root-workspace-0b6124@workspace:."
  dependencies:
    pob-dependencies: "npm:17.7.0"
    prettier: "npm:3.5.1"
  languageName: unknown
  linkType: soft
