# This file is generated by running "yarn install" inside your project.
# Manual changes might be lost - proceed with caution!

__metadata:
  version: 8
  cacheKey: 10

"pob-dependencies@npm:20.2.0":
  version: 20.2.0
  resolution: "pob-dependencies@npm:20.2.0"
  checksum: 10/6b22067afebede538986d85a06f2f0a002f0d0d1b83301a4052a90b3717792bf65d973b0f57eae95452d16748087eb73195a2c9f16d81523c1542e54f8552dfe
  languageName: node
  linkType: hard

"prettier@npm:3.7.4":
  version: 3.7.4
  resolution: "prettier@npm:3.7.4"
  bin:
    prettier: bin/prettier.cjs
  checksum: 10/b4d00ea13baed813cb777c444506632fb10faaef52dea526cacd03085f01f6db11fc969ccebedf05bf7d93c3960900994c6adf1b150e28a31afd5cfe7089b313
  languageName: node
  linkType: hard

"root-workspace-0b6124@workspace:.":
  version: 0.0.0-use.local
  resolution: "root-workspace-0b6124@workspace:."
  dependencies:
    pob-dependencies: "npm:20.2.0"
    prettier: "npm:3.7.4"
  languageName: unknown
  linkType: soft
