# This file is generated by running "yarn install" inside your project.
# Manual changes might be lost - proceed with caution!

__metadata:
  version: 8
  cacheKey: 10

"pob-dependencies@npm:19.1.0":
  version: 19.1.0
  resolution: "pob-dependencies@npm:19.1.0"
  checksum: 10/5f6ff89b250c19442fc052e50f07f5ac3dd5680c7a55a8c21c64acc1e8a89ad1cdc99c6fcba02585b9d6bd95c3d77debfbd30da9af7cfadbfbcb04ad97633b0d
  languageName: node
  linkType: hard

"prettier@npm:3.6.2":
  version: 3.6.2
  resolution: "prettier@npm:3.6.2"
  bin:
    prettier: bin/prettier.cjs
  checksum: 10/1213691706bcef1371d16ef72773c8111106c3533b660b1cc8ec158bd109cdf1462804125f87f981f23c4a3dba053b6efafda30ab0114cc5b4a725606bb9ff26
  languageName: node
  linkType: hard

"root-workspace-0b6124@workspace:.":
  version: 0.0.0-use.local
  resolution: "root-workspace-0b6124@workspace:."
  dependencies:
    pob-dependencies: "npm:19.1.0"
    prettier: "npm:3.6.2"
  languageName: unknown
  linkType: soft
